
Microsoft Visual Studio Solution File, Format Version 12.00
# Visual Studio Version 17
VisualStudioVersion = 17.8.34316.72
MinimumVisualStudioVersion = 10.0.40219.1
Project("{FAE04EC0-301F-11D3-BF4B-00C04F79EFBC}") = "homework1", "homework1.csproj", "{D566B598-A95A-424A-8519-B0614C0A2D7A}"
EndProject
Global
	GlobalSection(SolutionConfigurationPlatforms) = preSolution
		Debug|Any CPU = Debug|Any CPU
		Release|Any CPU = Release|Any CPU
	EndGlobalSection
	GlobalSection(ProjectConfigurationPlatforms) = postSolution
		{D566B598-A95A-424A-8519-B0614C0A2D7A}.Debug|Any CPU.ActiveCfg = Debug|Any CPU
		{D566B598-A95A-424A-8519-B0614C0A2D7A}.Debug|Any CPU.Build.0 = Debug|Any CPU
		{D566B598-A95A-424A-8519-B0614C0A2D7A}.Release|Any CPU.ActiveCfg = Release|Any CPU
		{D566B598-A95A-424A-8519-B0614C0A2D7A}.Release|Any CPU.Build.0 = Release|Any CPU
	EndGlobalSection
	GlobalSection(SolutionProperties) = preSolution
		HideSolutionNode = FALSE
	EndGlobalSection
	GlobalSection(ExtensibilityGlobals) = postSolution
		SolutionGuid = {7A461AF8-DA91-4D58-AE76-8715783517BD}
	EndGlobalSection
EndGlobal
